PODS:
  - Differentiator (3.0.2)
  - RxCocoa (4.1.2):
    - RxSwift (~> 4.0)
  - RxDataSources (3.0.2):
    - Differentiator (~> 3.0)
    - RxCocoa (~> 4.0)
    - RxSwift (~> 4.0)
  - RxSwift (4.1.2)
  - Swinject (2.0.0)
  - SwinjectStoryboard (1.0.0):
    - Swinject (= 2.0.0)

DEPENDENCIES:
  - RxCocoa (~> 4.0)
  - RxDataSources (~> 3.0)
  - RxSwift (~> 4.0)
  - Swinject
  - SwinjectStoryboard

SPEC REPOS:
  https://github.com/CocoaPods/Specs.git:
    - Differentiator
    - RxCocoa
    - RxDataSources
    - RxSwift
    - Swinject
    - SwinjectStoryboard

SPEC CHECKSUMS:
  Differentiator: a87be69eba49ec4ab460c7671143ee3a9eececfd
  RxCocoa: d88ba0f1f6abf040011a9eb4b539324fc426843a
  RxDataSources: cb7c31e652a87ebb919da45f716bbb87b3765f6b
  RxSwift: e49536837d9901277638493ea537394d4b55f570
  Swinject: 2e964a80d70ab09b3949c99032711f89147bfd60
  SwinjectStoryboard: 8e0d3c0202b64172bdf915d55e8dc83d9c4e7863

PODFILE CHECKSUM: 78736f20ef8fc3d52f052d7fed37f4e41caa6851

COCOAPODS: 1.5.0
